// !$*UTF8*$!
{
	archiveVersion = 1;
	classes = {
	};
	objectVersion = 56;
	objects = {

/* Begin PBXBuildFile section */
		007A268C2BD5B4090040C0F4 /* CreateEditPodcastViewController.swift in Sources */ = {isa = PBXBuildFile; fileRef = 007A268B2BD5B4090040C0F4 /* CreateEditPodcastViewController.swift */; };
		007A268E2BD5B8CF0040C0F4 /* AudioViewController.swift in Sources */ = {isa = PBXBuildFile; fileRef = 007A268D2BD5B8CF0040C0F4 /* AudioViewController.swift */; };
		007A26912BD5B9160040C0F4 /* CutterView.swift in Sources */ = {isa = PBXBuildFile; fileRef = 007A26902BD5B9160040C0F4 /* CutterView.swift */; };
		007A26942BD5BEAA0040C0F4 /* LookinServer in Frameworks */ = {isa = PBXBuildFile; productRef = 007A26932BD5BEAA0040C0F4 /* LookinServer */; };
		007A269B2BDD8F360040C0F4 /* PodcastPresenter.swift in Sources */ = {isa = PBXBuildFile; fileRef = 007A269A2BDD8F360040C0F4 /* PodcastPresenter.swift */; };
		007A269E2BDD8F5F0040C0F4 /* Podcast.swift in Sources */ = {isa = PBXBuildFile; fileRef = 007A269D2BDD8F5F0040C0F4 /* Podcast.swift */; };
		007A26A22BDD907C0040C0F4 /* Author.swift in Sources */ = {isa = PBXBuildFile; fileRef = 007A26A12BDD907C0040C0F4 /* Author.swift */; };
		007A26A62BDD93210040C0F4 /* Player.swift in Sources */ = {isa = PBXBuildFile; fileRef = 007A26A52BDD93210040C0F4 /* Player.swift */; };
		007A26A92BDD94380040C0F4 /* Kingfisher in Frameworks */ = {isa = PBXBuildFile; productRef = 007A26A82BDD94380040C0F4 /* Kingfisher */; };
		007A26AC2BDD96300040C0F4 /* PodcastModel.swift in Sources */ = {isa = PBXBuildFile; fileRef = 007A26AB2BDD96300040C0F4 /* PodcastModel.swift */; };
		007A26AF2BDE465A0040C0F4 /* PodcastService.swift in Sources */ = {isa = PBXBuildFile; fileRef = 007A26AE2BDE465A0040C0F4 /* PodcastService.swift */; };
		007A26B22BDE46850040C0F4 /* AuthorService.swift in Sources */ = {isa = PBXBuildFile; fileRef = 007A26B12BDE46850040C0F4 /* AuthorService.swift */; };
		007A26B42BDE46C90040C0F4 /* AuthorModel.swift in Sources */ = {isa = PBXBuildFile; fileRef = 007A26B32BDE46C90040C0F4 /* AuthorModel.swift */; };
		007A26B62BDE48A60040C0F4 /* UIViewController+Extension.swift in Sources */ = {isa = PBXBuildFile; fileRef = 007A26B52BDE48A60040C0F4 /* UIViewController+Extension.swift */; };
		007A26B82BDE51940040C0F4 /* PodcastRouter.swift in Sources */ = {isa = PBXBuildFile; fileRef = 007A26B72BDE51940040C0F4 /* PodcastRouter.swift */; };
		007A26BA2BDE52C50040C0F4 /* PodcastDelegate.swift in Sources */ = {isa = PBXBuildFile; fileRef = 007A26B92BDE52C50040C0F4 /* PodcastDelegate.swift */; };
		007A26BD2BDE56E50040C0F4 /* Description.swift in Sources */ = {isa = PBXBuildFile; fileRef = 007A26BC2BDE56E50040C0F4 /* Description.swift */; };
		007A26C22BDE579F0040C0F4 /* AlbumModel.swift in Sources */ = {isa = PBXBuildFile; fileRef = 007A26C12BDE579F0040C0F4 /* AlbumModel.swift */; };
		007A26C52BDE588C0040C0F4 /* AlbumService.swift in Sources */ = {isa = PBXBuildFile; fileRef = 007A26C42BDE588C0040C0F4 /* AlbumService.swift */; };
		007EC1BC2BC5C97A00066A9E /* AppDelegate.swift in Sources */ = {isa = PBXBuildFile; fileRef = 007EC1BB2BC5C97A00066A9E /* AppDelegate.swift */; };
		007EC1BE2BC5C97A00066A9E /* SceneDelegate.swift in Sources */ = {isa = PBXBuildFile; fileRef = 007EC1BD2BC5C97A00066A9E /* SceneDelegate.swift */; };
		007EC1C52BC5C97B00066A9E /* Assets.xcassets in Resources */ = {isa = PBXBuildFile; fileRef = 007EC1C42BC5C97B00066A9E /* Assets.xcassets */; };
		007EC1C82BC5C97B00066A9E /* LaunchScreen.storyboard in Resources */ = {isa = PBXBuildFile; fileRef = 007EC1C62BC5C97B00066A9E /* LaunchScreen.storyboard */; };
		009D9A182BC65AB800F17741 /* PodcastView.swift in Sources */ = {isa = PBXBuildFile; fileRef = 009D9A172BC65AB800F17741 /* PodcastView.swift */; };
		009D9A1A2BC65D2500F17741 /* PodcastViewController.swift in Sources */ = {isa = PBXBuildFile; fileRef = 009D9A192BC65D2500F17741 /* PodcastViewController.swift */; };
		009D9A1D2BC72EEF00F17741 /* BandViewController.swift in Sources */ = {isa = PBXBuildFile; fileRef = 009D9A1C2BC72EEF00F17741 /* BandViewController.swift */; };
		009D9A202BC733FB00F17741 /* TabBarController.swift in Sources */ = {isa = PBXBuildFile; fileRef = 009D9A1F2BC733FB00F17741 /* TabBarController.swift */; };
		009D9A222BD3156500F17741 /* EditProfileViewController.swift in Sources */ = {isa = PBXBuildFile; fileRef = 009D9A212BD3156500F17741 /* EditProfileViewController.swift */; };
		009D9A242BD316A100F17741 /* ValidatedTextField.swift in Sources */ = {isa = PBXBuildFile; fileRef = 009D9A232BD316A100F17741 /* ValidatedTextField.swift */; };
		009D9A262BD3210C00F17741 /* DescriptionViewController.swift in Sources */ = {isa = PBXBuildFile; fileRef = 009D9A252BD3210C00F17741 /* DescriptionViewController.swift */; };
		009D9A292BD3242300F17741 /* BaseButtonView.swift in Sources */ = {isa = PBXBuildFile; fileRef = 009D9A282BD3242300F17741 /* BaseButtonView.swift */; };
		009D9A2B2BD3260600F17741 /* AuthorProfileViewController.swift in Sources */ = {isa = PBXBuildFile; fileRef = 009D9A2A2BD3260600F17741 /* AuthorProfileViewController.swift */; };
		009D9A322BD4159600F17741 /* MyPodcastsViewController.swift in Sources */ = {isa = PBXBuildFile; fileRef = 009D9A312BD4159600F17741 /* MyPodcastsViewController.swift */; };
		009D9A352BD4197B00F17741 /* SearchViewController.swift in Sources */ = {isa = PBXBuildFile; fileRef = 009D9A342BD4197B00F17741 /* SearchViewController.swift */; };
		009D9A382BD41E4B00F17741 /* ReportViewController.swift in Sources */ = {isa = PBXBuildFile; fileRef = 009D9A372BD41E4B00F17741 /* ReportViewController.swift */; };
		009D9A3A2BD4226F00F17741 /* SelectButtonView.swift in Sources */ = {isa = PBXBuildFile; fileRef = 009D9A392BD4226F00F17741 /* SelectButtonView.swift */; };
		009D9A3C2BD42B2000F17741 /* SelectThemeViewController.swift in Sources */ = {isa = PBXBuildFile; fileRef = 009D9A3B2BD42B2000F17741 /* SelectThemeViewController.swift */; };
		009D9A3E2BD42BC900F17741 /* ThemeReportViewCell.swift in Sources */ = {isa = PBXBuildFile; fileRef = 009D9A3D2BD42BC900F17741 /* ThemeReportViewCell.swift */; };
		009D9A402BD42F0800F17741 /* LikedPodcastsViewController.swift in Sources */ = {isa = PBXBuildFile; fileRef = 009D9A3F2BD42F0800F17741 /* LikedPodcastsViewController.swift */; };
		009D9A422BD42FF300F17741 /* AuthorProfileViewCell.swift in Sources */ = {isa = PBXBuildFile; fileRef = 009D9A412BD42FF300F17741 /* AuthorProfileViewCell.swift */; };
		009D9A442BD430A000F17741 /* SubsViewController.swift in Sources */ = {isa = PBXBuildFile; fileRef = 009D9A432BD430A000F17741 /* SubsViewController.swift */; };
		009D9A462BD4313B00F17741 /* AlbumsViewController.swift in Sources */ = {isa = PBXBuildFile; fileRef = 009D9A452BD4313B00F17741 /* AlbumsViewController.swift */; };
		009D9A482BD4327500F17741 /* AlbumViewCell.swift in Sources */ = {isa = PBXBuildFile; fileRef = 009D9A472BD4327500F17741 /* AlbumViewCell.swift */; };
		009D9A4A2BD53F1F00F17741 /* CreateEditAlbumViewController.swift in Sources */ = {isa = PBXBuildFile; fileRef = 009D9A492BD53F1F00F17741 /* CreateEditAlbumViewController.swift */; };
		009D9A4C2BD541D200F17741 /* MyPodcastViewController.swift in Sources */ = {isa = PBXBuildFile; fileRef = 009D9A4B2BD541D200F17741 /* MyPodcastViewController.swift */; };
		009D9A4F2BD5428800F17741 /* PlayerView.swift in Sources */ = {isa = PBXBuildFile; fileRef = 009D9A4E2BD5428800F17741 /* PlayerView.swift */; };
		009D9A512BD548E900F17741 /* MyAlbumViewController.swift in Sources */ = {isa = PBXBuildFile; fileRef = 009D9A502BD548E900F17741 /* MyAlbumViewController.swift */; };
		00B60B6E2BDEE7ED00DA7951 /* Mocks.swift in Sources */ = {isa = PBXBuildFile; fileRef = 00B60B6D2BDEE7ED00DA7951 /* Mocks.swift */; };
		00B60B722BDF852500DA7951 /* DescriptionPresenter.swift in Sources */ = {isa = PBXBuildFile; fileRef = 00B60B712BDF852500DA7951 /* DescriptionPresenter.swift */; };
		00B60B772BDF8B3F00DA7951 /* Report.swift in Sources */ = {isa = PBXBuildFile; fileRef = 00B60B762BDF8B3F00DA7951 /* Report.swift */; };
		00B60B792BDF8CA600DA7951 /* ReportModel.swift in Sources */ = {isa = PBXBuildFile; fileRef = 00B60B782BDF8CA600DA7951 /* ReportModel.swift */; };
		00B60B7B2BDF8CF600DA7951 /* ReportPresenter.swift in Sources */ = {isa = PBXBuildFile; fileRef = 00B60B7A2BDF8CF600DA7951 /* ReportPresenter.swift */; };
		00B60B7D2BDF8D0500DA7951 /* ReportRouter.swift in Sources */ = {isa = PBXBuildFile; fileRef = 00B60B7C2BDF8D0400DA7951 /* ReportRouter.swift */; };
		00B60B802BDF8DBC00DA7951 /* ReportService.swift in Sources */ = {isa = PBXBuildFile; fileRef = 00B60B7F2BDF8DBC00DA7951 /* ReportService.swift */; };
		00B60B822BDF8E8F00DA7951 /* SelectThemePresenter.swift in Sources */ = {isa = PBXBuildFile; fileRef = 00B60B812BDF8E8F00DA7951 /* SelectThemePresenter.swift */; };
		00B60B862BDFABC000DA7951 /* AlbumPresenter.swift in Sources */ = {isa = PBXBuildFile; fileRef = 00B60B852BDFABC000DA7951 /* AlbumPresenter.swift */; };
		00B60B882BDFABC900DA7951 /* AlbumRouter.swift in Sources */ = {isa = PBXBuildFile; fileRef = 00B60B872BDFABC900DA7951 /* AlbumRouter.swift */; };
		00B60B8A2BDFAFF600DA7951 /* PodcastCell.swift in Sources */ = {isa = PBXBuildFile; fileRef = 00B60B892BDFAFF600DA7951 /* PodcastCell.swift */; };
		00B60B8E2BDFCDD800DA7951 /* AuthorRouter.swift in Sources */ = {isa = PBXBuildFile; fileRef = 00B60B8D2BDFCDD800DA7951 /* AuthorRouter.swift */; };
		00B60B902BDFCDE200DA7951 /* AuthorPresenter.swift in Sources */ = {isa = PBXBuildFile; fileRef = 00B60B8F2BDFCDE200DA7951 /* AuthorPresenter.swift */; };
		00B60B922BDFE61F00DA7951 /* Album.swift in Sources */ = {isa = PBXBuildFile; fileRef = 00B60B912BDFE61F00DA7951 /* Album.swift */; };
		00B60B972BE0060900DA7951 /* BandPresenter.swift in Sources */ = {isa = PBXBuildFile; fileRef = 00B60B962BE0060900DA7951 /* BandPresenter.swift */; };
		00B60B992BE0061900DA7951 /* BandType.swift in Sources */ = {isa = PBXBuildFile; fileRef = 00B60B982BE0061900DA7951 /* BandType.swift */; };
		00B60B9B2BE006C600DA7951 /* Band.swift in Sources */ = {isa = PBXBuildFile; fileRef = 00B60B9A2BE006C600DA7951 /* Band.swift */; };
		00B60B9E2BE0072200DA7951 /* BandFactory.swift in Sources */ = {isa = PBXBuildFile; fileRef = 00B60B9D2BE0072200DA7951 /* BandFactory.swift */; };
		00B60BA02BE0073100DA7951 /* BandService.swift in Sources */ = {isa = PBXBuildFile; fileRef = 00B60B9F2BE0073100DA7951 /* BandService.swift */; };
		00B60BA42BE0503E00DA7951 /* BandRouter.swift in Sources */ = {isa = PBXBuildFile; fileRef = 00B60BA32BE0503E00DA7951 /* BandRouter.swift */; };
		00B60BB02BE055DE00DA7951 /* Analytic.swift in Sources */ = {isa = PBXBuildFile; fileRef = 00B60BAF2BE055DE00DA7951 /* Analytic.swift */; };
		00B60BB32BE0561300DA7951 /* AppMetricaAdSupport in Frameworks */ = {isa = PBXBuildFile; productRef = 00B60BB22BE0561300DA7951 /* AppMetricaAdSupport */; };
		00B60BB52BE0561300DA7951 /* AppMetricaCore in Frameworks */ = {isa = PBXBuildFile; productRef = 00B60BB42BE0561300DA7951 /* AppMetricaCore */; };
		00B60BB72BE0561300DA7951 /* AppMetricaCrashes in Frameworks */ = {isa = PBXBuildFile; productRef = 00B60BB62BE0561300DA7951 /* AppMetricaCrashes */; };
		00B60BB92BE0561300DA7951 /* AppMetricaWebKit in Frameworks */ = {isa = PBXBuildFile; productRef = 00B60BB82BE0561300DA7951 /* AppMetricaWebKit */; };
		00B60BBE2BE0591F00DA7951 /* SearchPresenter.swift in Sources */ = {isa = PBXBuildFile; fileRef = 00B60BBD2BE0591F00DA7951 /* SearchPresenter.swift */; };
		00B60BC12BE0593400DA7951 /* SearchRouter.swift in Sources */ = {isa = PBXBuildFile; fileRef = 00B60BC02BE0593400DA7951 /* SearchRouter.swift */; };
		1D9A5F812BCDB48900BAC8E6 /* AlbumViewController.swift in Sources */ = {isa = PBXBuildFile; fileRef = 1D9A5F802BCDB48900BAC8E6 /* AlbumViewController.swift */; };
		1D9A5F832BCDB76E00BAC8E6 /* PodcastViewCell.swift in Sources */ = {isa = PBXBuildFile; fileRef = 1D9A5F822BCDB76E00BAC8E6 /* PodcastViewCell.swift */; };
		1D9A5F8B2BCDC42E00BAC8E6 /* ProfileViewController.swift in Sources */ = {isa = PBXBuildFile; fileRef = 1D9A5F8A2BCDC42E00BAC8E6 /* ProfileViewController.swift */; };
/* End PBXBuildFile section */

/* Begin PBXFileReference section */
		007A268B2BD5B4090040C0F4 /* CreateEditPodcastViewController.swift */ = {isa = PBXFileReference; lastKnownFileType = sourcecode.swift; path = CreateEditPodcastViewController.swift; sourceTree = "<group>"; };
		007A268D2BD5B8CF0040C0F4 /* AudioViewController.swift */ = {isa = PBXFileReference; lastKnownFileType = sourcecode.swift; path = AudioViewController.swift; sourceTree = "<group>"; };
		007A26902BD5B9160040C0F4 /* CutterView.swift */ = {isa = PBXFileReference; lastKnownFileType = sourcecode.swift; path = CutterView.swift; sourceTree = "<group>"; };
		007A269A2BDD8F360040C0F4 /* PodcastPresenter.swift */ = {isa = PBXFileReference; lastKnownFileType = sourcecode.swift; path = PodcastPresenter.swift; sourceTree = "<group>"; };
		007A269D2BDD8F5F0040C0F4 /* Podcast.swift */ = {isa = PBXFileReference; lastKnownFileType = sourcecode.swift; path = Podcast.swift; sourceTree = "<group>"; };
		007A26A12BDD907C0040C0F4 /* Author.swift */ = {isa = PBXFileReference; lastKnownFileType = sourcecode.swift; path = Author.swift; sourceTree = "<group>"; };
		007A26A52BDD93210040C0F4 /* Player.swift */ = {isa = PBXFileReference; lastKnownFileType = sourcecode.swift; path = Player.swift; sourceTree = "<group>"; };
		007A26AB2BDD96300040C0F4 /* PodcastModel.swift */ = {isa = PBXFileReference; lastKnownFileType = sourcecode.swift; path = PodcastModel.swift; sourceTree = "<group>"; };
		007A26AE2BDE465A0040C0F4 /* PodcastService.swift */ = {isa = PBXFileReference; lastKnownFileType = sourcecode.swift; path = PodcastService.swift; sourceTree = "<group>"; };
		007A26B12BDE46850040C0F4 /* AuthorService.swift */ = {isa = PBXFileReference; lastKnownFileType = sourcecode.swift; path = AuthorService.swift; sourceTree = "<group>"; };
		007A26B32BDE46C90040C0F4 /* AuthorModel.swift */ = {isa = PBXFileReference; lastKnownFileType = sourcecode.swift; path = AuthorModel.swift; sourceTree = "<group>"; };
		007A26B52BDE48A60040C0F4 /* UIViewController+Extension.swift */ = {isa = PBXFileReference; lastKnownFileType = sourcecode.swift; path = "UIViewController+Extension.swift"; sourceTree = "<group>"; };
		007A26B72BDE51940040C0F4 /* PodcastRouter.swift */ = {isa = PBXFileReference; lastKnownFileType = sourcecode.swift; path = PodcastRouter.swift; sourceTree = "<group>"; };
		007A26B92BDE52C50040C0F4 /* PodcastDelegate.swift */ = {isa = PBXFileReference; lastKnownFileType = sourcecode.swift; path = PodcastDelegate.swift; sourceTree = "<group>"; };
		007A26BC2BDE56E50040C0F4 /* Description.swift */ = {isa = PBXFileReference; lastKnownFileType = sourcecode.swift; path = Description.swift; sourceTree = "<group>"; };
		007A26C12BDE579F0040C0F4 /* AlbumModel.swift */ = {isa = PBXFileReference; lastKnownFileType = sourcecode.swift; path = AlbumModel.swift; sourceTree = "<group>"; };
		007A26C42BDE588C0040C0F4 /* AlbumService.swift */ = {isa = PBXFileReference; lastKnownFileType = sourcecode.swift; path = AlbumService.swift; sourceTree = "<group>"; };
		007EC1B82BC5C97A00066A9E /* 9.1_TikTalk_mobile.app */ = {isa = PBXFileReference; explicitFileType = wrapper.application; includeInIndex = 0; path = 9.1_TikTalk_mobile.app; sourceTree = BUILT_PRODUCTS_DIR; };
		007EC1BB2BC5C97A00066A9E /* AppDelegate.swift */ = {isa = PBXFileReference; lastKnownFileType = sourcecode.swift; path = AppDelegate.swift; sourceTree = "<group>"; };
		007EC1BD2BC5C97A00066A9E /* SceneDelegate.swift */ = {isa = PBXFileReference; lastKnownFileType = sourcecode.swift; path = SceneDelegate.swift; sourceTree = "<group>"; };
		007EC1C42BC5C97B00066A9E /* Assets.xcassets */ = {isa = PBXFileReference; lastKnownFileType = folder.assetcatalog; path = Assets.xcassets; sourceTree = "<group>"; };
		007EC1C72BC5C97B00066A9E /* Base */ = {isa = PBXFileReference; lastKnownFileType = file.storyboard; name = Base; path = Base.lproj/LaunchScreen.storyboard; sourceTree = "<group>"; };
		007EC1C92BC5C97B00066A9E /* Info.plist */ = {isa = PBXFileReference; lastKnownFileType = text.plist.xml; path = Info.plist; sourceTree = "<group>"; };
		009D9A172BC65AB800F17741 /* PodcastView.swift */ = {isa = PBXFileReference; lastKnownFileType = sourcecode.swift; path = PodcastView.swift; sourceTree = "<group>"; };
		009D9A192BC65D2500F17741 /* PodcastViewController.swift */ = {isa = PBXFileReference; lastKnownFileType = sourcecode.swift; path = PodcastViewController.swift; sourceTree = "<group>"; };
		009D9A1C2BC72EEF00F17741 /* BandViewController.swift */ = {isa = PBXFileReference; lastKnownFileType = sourcecode.swift; path = BandViewController.swift; sourceTree = "<group>"; };
		009D9A1F2BC733FB00F17741 /* TabBarController.swift */ = {isa = PBXFileReference; lastKnownFileType = sourcecode.swift; path = TabBarController.swift; sourceTree = "<group>"; };
		009D9A212BD3156500F17741 /* EditProfileViewController.swift */ = {isa = PBXFileReference; lastKnownFileType = sourcecode.swift; path = EditProfileViewController.swift; sourceTree = "<group>"; };
		009D9A232BD316A100F17741 /* ValidatedTextField.swift */ = {isa = PBXFileReference; lastKnownFileType = sourcecode.swift; path = ValidatedTextField.swift; sourceTree = "<group>"; };
		009D9A252BD3210C00F17741 /* DescriptionViewController.swift */ = {isa = PBXFileReference; lastKnownFileType = sourcecode.swift; path = DescriptionViewController.swift; sourceTree = "<group>"; };
		009D9A282BD3242300F17741 /* BaseButtonView.swift */ = {isa = PBXFileReference; lastKnownFileType = sourcecode.swift; path = BaseButtonView.swift; sourceTree = "<group>"; };
		009D9A2A2BD3260600F17741 /* AuthorProfileViewController.swift */ = {isa = PBXFileReference; lastKnownFileType = sourcecode.swift; path = AuthorProfileViewController.swift; sourceTree = "<group>"; };
		009D9A312BD4159600F17741 /* MyPodcastsViewController.swift */ = {isa = PBXFileReference; lastKnownFileType = sourcecode.swift; path = MyPodcastsViewController.swift; sourceTree = "<group>"; };
		009D9A342BD4197B00F17741 /* SearchViewController.swift */ = {isa = PBXFileReference; lastKnownFileType = sourcecode.swift; path = SearchViewController.swift; sourceTree = "<group>"; };
		009D9A372BD41E4B00F17741 /* ReportViewController.swift */ = {isa = PBXFileReference; lastKnownFileType = sourcecode.swift; path = ReportViewController.swift; sourceTree = "<group>"; };
		009D9A392BD4226F00F17741 /* SelectButtonView.swift */ = {isa = PBXFileReference; lastKnownFileType = sourcecode.swift; path = SelectButtonView.swift; sourceTree = "<group>"; };
		009D9A3B2BD42B2000F17741 /* SelectThemeViewController.swift */ = {isa = PBXFileReference; lastKnownFileType = sourcecode.swift; path = SelectThemeViewController.swift; sourceTree = "<group>"; };
		009D9A3D2BD42BC900F17741 /* ThemeReportViewCell.swift */ = {isa = PBXFileReference; lastKnownFileType = sourcecode.swift; path = ThemeReportViewCell.swift; sourceTree = "<group>"; };
		009D9A3F2BD42F0800F17741 /* LikedPodcastsViewController.swift */ = {isa = PBXFileReference; lastKnownFileType = sourcecode.swift; path = LikedPodcastsViewController.swift; sourceTree = "<group>"; };
		009D9A412BD42FF300F17741 /* AuthorProfileViewCell.swift */ = {isa = PBXFileReference; lastKnownFileType = sourcecode.swift; path = AuthorProfileViewCell.swift; sourceTree = "<group>"; };
		009D9A432BD430A000F17741 /* SubsViewController.swift */ = {isa = PBXFileReference; lastKnownFileType = sourcecode.swift; path = SubsViewController.swift; sourceTree = "<group>"; };
		009D9A452BD4313B00F17741 /* AlbumsViewController.swift */ = {isa = PBXFileReference; lastKnownFileType = sourcecode.swift; path = AlbumsViewController.swift; sourceTree = "<group>"; };
		009D9A472BD4327500F17741 /* AlbumViewCell.swift */ = {isa = PBXFileReference; lastKnownFileType = sourcecode.swift; path = AlbumViewCell.swift; sourceTree = "<group>"; };
		009D9A492BD53F1F00F17741 /* CreateEditAlbumViewController.swift */ = {isa = PBXFileReference; lastKnownFileType = sourcecode.swift; path = CreateEditAlbumViewController.swift; sourceTree = "<group>"; };
		009D9A4B2BD541D200F17741 /* MyPodcastViewController.swift */ = {isa = PBXFileReference; lastKnownFileType = sourcecode.swift; path = MyPodcastViewController.swift; sourceTree = "<group>"; };
		009D9A4E2BD5428800F17741 /* PlayerView.swift */ = {isa = PBXFileReference; lastKnownFileType = sourcecode.swift; path = PlayerView.swift; sourceTree = "<group>"; };
		009D9A502BD548E900F17741 /* MyAlbumViewController.swift */ = {isa = PBXFileReference; lastKnownFileType = sourcecode.swift; path = MyAlbumViewController.swift; sourceTree = "<group>"; };
		00B60B6D2BDEE7ED00DA7951 /* Mocks.swift */ = {isa = PBXFileReference; lastKnownFileType = sourcecode.swift; path = Mocks.swift; sourceTree = "<group>"; };
		00B60B712BDF852500DA7951 /* DescriptionPresenter.swift */ = {isa = PBXFileReference; lastKnownFileType = sourcecode.swift; path = DescriptionPresenter.swift; sourceTree = "<group>"; };
		00B60B762BDF8B3F00DA7951 /* Report.swift */ = {isa = PBXFileReference; lastKnownFileType = sourcecode.swift; path = Report.swift; sourceTree = "<group>"; };
		00B60B782BDF8CA600DA7951 /* ReportModel.swift */ = {isa = PBXFileReference; lastKnownFileType = sourcecode.swift; path = ReportModel.swift; sourceTree = "<group>"; };
		00B60B7A2BDF8CF600DA7951 /* ReportPresenter.swift */ = {isa = PBXFileReference; lastKnownFileType = sourcecode.swift; path = ReportPresenter.swift; sourceTree = "<group>"; };
		00B60B7C2BDF8D0400DA7951 /* ReportRouter.swift */ = {isa = PBXFileReference; lastKnownFileType = sourcecode.swift; path = ReportRouter.swift; sourceTree = "<group>"; };
		00B60B7F2BDF8DBC00DA7951 /* ReportService.swift */ = {isa = PBXFileReference; lastKnownFileType = sourcecode.swift; path = ReportService.swift; sourceTree = "<group>"; };
		00B60B812BDF8E8F00DA7951 /* SelectThemePresenter.swift */ = {isa = PBXFileReference; lastKnownFileType = sourcecode.swift; path = SelectThemePresenter.swift; sourceTree = "<group>"; };
		00B60B852BDFABC000DA7951 /* AlbumPresenter.swift */ = {isa = PBXFileReference; lastKnownFileType = sourcecode.swift; path = AlbumPresenter.swift; sourceTree = "<group>"; };
		00B60B872BDFABC900DA7951 /* AlbumRouter.swift */ = {isa = PBXFileReference; lastKnownFileType = sourcecode.swift; path = AlbumRouter.swift; sourceTree = "<group>"; };
		00B60B892BDFAFF600DA7951 /* PodcastCell.swift */ = {isa = PBXFileReference; lastKnownFileType = sourcecode.swift; path = PodcastCell.swift; sourceTree = "<group>"; };
		00B60B8D2BDFCDD800DA7951 /* AuthorRouter.swift */ = {isa = PBXFileReference; lastKnownFileType = sourcecode.swift; path = AuthorRouter.swift; sourceTree = "<group>"; };
		00B60B8F2BDFCDE200DA7951 /* AuthorPresenter.swift */ = {isa = PBXFileReference; lastKnownFileType = sourcecode.swift; path = AuthorPresenter.swift; sourceTree = "<group>"; };
		00B60B912BDFE61F00DA7951 /* Album.swift */ = {isa = PBXFileReference; lastKnownFileType = sourcecode.swift; path = Album.swift; sourceTree = "<group>"; };
		00B60B962BE0060900DA7951 /* BandPresenter.swift */ = {isa = PBXFileReference; lastKnownFileType = sourcecode.swift; path = BandPresenter.swift; sourceTree = "<group>"; };
		00B60B982BE0061900DA7951 /* BandType.swift */ = {isa = PBXFileReference; lastKnownFileType = sourcecode.swift; path = BandType.swift; sourceTree = "<group>"; };
		00B60B9A2BE006C600DA7951 /* Band.swift */ = {isa = PBXFileReference; lastKnownFileType = sourcecode.swift; path = Band.swift; sourceTree = "<group>"; };
		00B60B9D2BE0072200DA7951 /* BandFactory.swift */ = {isa = PBXFileReference; lastKnownFileType = sourcecode.swift; path = BandFactory.swift; sourceTree = "<group>"; };
		00B60B9F2BE0073100DA7951 /* BandService.swift */ = {isa = PBXFileReference; lastKnownFileType = sourcecode.swift; path = BandService.swift; sourceTree = "<group>"; };
		00B60BA32BE0503E00DA7951 /* BandRouter.swift */ = {isa = PBXFileReference; lastKnownFileType = sourcecode.swift; path = BandRouter.swift; sourceTree = "<group>"; };
		00B60BAF2BE055DE00DA7951 /* Analytic.swift */ = {isa = PBXFileReference; lastKnownFileType = sourcecode.swift; path = Analytic.swift; sourceTree = "<group>"; };
		00B60BBD2BE0591F00DA7951 /* SearchPresenter.swift */ = {isa = PBXFileReference; lastKnownFileType = sourcecode.swift; path = SearchPresenter.swift; sourceTree = "<group>"; };
		00B60BC02BE0593400DA7951 /* SearchRouter.swift */ = {isa = PBXFileReference; lastKnownFileType = sourcecode.swift; path = SearchRouter.swift; sourceTree = "<group>"; };
		1D9A5F802BCDB48900BAC8E6 /* AlbumViewController.swift */ = {isa = PBXFileReference; lastKnownFileType = sourcecode.swift; path = AlbumViewController.swift; sourceTree = "<group>"; };
		1D9A5F822BCDB76E00BAC8E6 /* PodcastViewCell.swift */ = {isa = PBXFileReference; lastKnownFileType = sourcecode.swift; path = PodcastViewCell.swift; sourceTree = "<group>"; };
		1D9A5F8A2BCDC42E00BAC8E6 /* ProfileViewController.swift */ = {isa = PBXFileReference; lastKnownFileType = sourcecode.swift; path = ProfileViewController.swift; sourceTree = "<group>"; };
/* End PBXFileReference section */

/* Begin PBXFrameworksBuildPhase section */
		007EC1B52BC5C97A00066A9E /* Frameworks */ = {
			isa = PBXFrameworksBuildPhase;
			buildActionMask = 2147483647;
			files = (
				007A26A92BDD94380040C0F4 /* Kingfisher in Frameworks */,
				00B60BB72BE0561300DA7951 /* AppMetricaCrashes in Frameworks */,
				00B60BB52BE0561300DA7951 /* AppMetricaCore in Frameworks */,
				00B60BB32BE0561300DA7951 /* AppMetricaAdSupport in Frameworks */,
				00B60BB92BE0561300DA7951 /* AppMetricaWebKit in Frameworks */,
				007A26942BD5BEAA0040C0F4 /* LookinServer in Frameworks */,
			);
			runOnlyForDeploymentPostprocessing = 0;
		};
/* End PBXFrameworksBuildPhase section */

/* Begin PBXGroup section */
		007A268F2BD5B8F20040C0F4 /* Cutter */ = {
			isa = PBXGroup;
			children = (
				007A26902BD5B9160040C0F4 /* CutterView.swift */,
			);
			path = Cutter;
			sourceTree = "<group>";
		};
		007A26962BDD8EBB0040C0F4 /* CreateEditPodcast */ = {
			isa = PBXGroup;
			children = (
				007A268D2BD5B8CF0040C0F4 /* AudioViewController.swift */,
				007A268B2BD5B4090040C0F4 /* CreateEditPodcastViewController.swift */,
			);
			path = CreateEditPodcast;
			sourceTree = "<group>";
		};
		007A26972BDD8EE60040C0F4 /* Description */ = {
			isa = PBXGroup;
			children = (
				00B60B702BDF851600DA7951 /* Presenter */,
				00B60B6F2BDF850F00DA7951 /* View */,
				007A26BB2BDE56DC0040C0F4 /* Model */,
			);
			path = Description;
			sourceTree = "<group>";
		};
		007A26992BDD8F000040C0F4 /* Presenter */ = {
			isa = PBXGroup;
			children = (
				007A269A2BDD8F360040C0F4 /* PodcastPresenter.swift */,
				007A26B72BDE51940040C0F4 /* PodcastRouter.swift */,
			);
			path = Presenter;
			sourceTree = "<group>";
		};
		007A269F2BDD90670040C0F4 /* View */ = {
			isa = PBXGroup;
			children = (
				009D9A412BD42FF300F17741 /* AuthorProfileViewCell.swift */,
				009D9A2A2BD3260600F17741 /* AuthorProfileViewController.swift */,
			);
			path = View;
			sourceTree = "<group>";
		};
		007A26A02BDD90730040C0F4 /* Model */ = {
			isa = PBXGroup;
			children = (
				007A26B02BDE46790040C0F4 /* Service */,
				007A26A12BDD907C0040C0F4 /* Author.swift */,
				007A26B32BDE46C90040C0F4 /* AuthorModel.swift */,
			);
			path = Model;
			sourceTree = "<group>";
		};
		007A26A32BDD92490040C0F4 /* View */ = {
			isa = PBXGroup;
			children = (
				007A26B92BDE52C50040C0F4 /* PodcastDelegate.swift */,
				009D9A172BC65AB800F17741 /* PodcastView.swift */,
				009D9A192BC65D2500F17741 /* PodcastViewController.swift */,
				1D9A5F822BCDB76E00BAC8E6 /* PodcastViewCell.swift */,
			);
			path = View;
			sourceTree = "<group>";
		};
		007A26A42BDD929A0040C0F4 /* Model */ = {
			isa = PBXGroup;
			children = (
				007A26AD2BDE46400040C0F4 /* Service */,
				007A269D2BDD8F5F0040C0F4 /* Podcast.swift */,
				007A26AB2BDD96300040C0F4 /* PodcastModel.swift */,
				00B60B892BDFAFF600DA7951 /* PodcastCell.swift */,
			);
			path = Model;
			sourceTree = "<group>";
		};
		007A26AA2BDD94D40040C0F4 /* Helpers */ = {
			isa = PBXGroup;
			children = (
				00B60B6D2BDEE7ED00DA7951 /* Mocks.swift */,
				007A26B52BDE48A60040C0F4 /* UIViewController+Extension.swift */,
			);
			path = Helpers;
			sourceTree = "<group>";
		};
		007A26AD2BDE46400040C0F4 /* Service */ = {
			isa = PBXGroup;
			children = (
				007A26AE2BDE465A0040C0F4 /* PodcastService.swift */,
			);
			path = Service;
			sourceTree = "<group>";
		};
		007A26B02BDE46790040C0F4 /* Service */ = {
			isa = PBXGroup;
			children = (
				007A26B12BDE46850040C0F4 /* AuthorService.swift */,
			);
			path = Service;
			sourceTree = "<group>";
		};
		007A26BB2BDE56DC0040C0F4 /* Model */ = {
			isa = PBXGroup;
			children = (
				007A26BC2BDE56E50040C0F4 /* Description.swift */,
			);
			path = Model;
			sourceTree = "<group>";
		};
		007A26BE2BDE57670040C0F4 /* Model */ = {
			isa = PBXGroup;
			children = (
				007A26C32BDE58820040C0F4 /* AlbumService */,
				007A26C12BDE579F0040C0F4 /* AlbumModel.swift */,
				00B60B912BDFE61F00DA7951 /* Album.swift */,
			);
			path = Model;
			sourceTree = "<group>";
		};
		007A26C32BDE58820040C0F4 /* AlbumService */ = {
			isa = PBXGroup;
			children = (
				007A26C42BDE588C0040C0F4 /* AlbumService.swift */,
			);
			path = AlbumService;
			sourceTree = "<group>";
		};
		007EC1AF2BC5C97A00066A9E = {
			isa = PBXGroup;
			children = (
				007EC1BA2BC5C97A00066A9E /* 9.1_TikTalk_mobile */,
				007EC1B92BC5C97A00066A9E /* Products */,
			);
			sourceTree = "<group>";
		};
		007EC1B92BC5C97A00066A9E /* Products */ = {
			isa = PBXGroup;
			children = (
				007EC1B82BC5C97A00066A9E /* 9.1_TikTalk_mobile.app */,
			);
			name = Products;
			sourceTree = "<group>";
		};
		007EC1BA2BC5C97A00066A9E /* 9.1_TikTalk_mobile */ = {
			isa = PBXGroup;
			children = (
				00B60BAE2BE055D100DA7951 /* Analytic */,
				007A26AA2BDD94D40040C0F4 /* Helpers */,
				007A268F2BD5B8F20040C0F4 /* Cutter */,
				009D9A4D2BD5427900F17741 /* Player */,
				009D9A362BD41E3E00F17741 /* Report */,
				009D9A332BD4196B00F17741 /* Search */,
				009D9A2E2BD4157500F17741 /* MyPodcasts */,
				009D9A272BD3234500F17741 /* AuthorProfile */,
				1D9A5F892BCDC41900BAC8E6 /* Profile */,
				009D9A162BC65AA900F17741 /* Podcast */,
				009D9A1B2BC72EDD00F17741 /* Band */,
				009D9A1E2BC733D300F17741 /* TabBar */,
				1D9A5F7F2BCDB47800BAC8E6 /* Album */,
				1D9A5F842BCDB98F00BAC8E6 /* BaseViews */,
				009D9A152BC6592D00F17741 /* Application */,
				007EC1C42BC5C97B00066A9E /* Assets.xcassets */,
				007EC1C62BC5C97B00066A9E /* LaunchScreen.storyboard */,
				007EC1C92BC5C97B00066A9E /* Info.plist */,
			);
			path = 9.1_TikTalk_mobile;
			sourceTree = "<group>";
		};
		009D9A152BC6592D00F17741 /* Application */ = {
			isa = PBXGroup;
			children = (
				007EC1BD2BC5C97A00066A9E /* SceneDelegate.swift */,
				007EC1BB2BC5C97A00066A9E /* AppDelegate.swift */,
			);
			path = Application;
			sourceTree = "<group>";
		};
		009D9A162BC65AA900F17741 /* Podcast */ = {
			isa = PBXGroup;
			children = (
				007A26A42BDD929A0040C0F4 /* Model */,
				007A26A32BDD92490040C0F4 /* View */,
				007A26992BDD8F000040C0F4 /* Presenter */,
				007A26972BDD8EE60040C0F4 /* Description */,
				007A26962BDD8EBB0040C0F4 /* CreateEditPodcast */,
			);
			path = Podcast;
			sourceTree = "<group>";
		};
		009D9A1B2BC72EDD00F17741 /* Band */ = {
			isa = PBXGroup;
			children = (
				00B60B952BE005E500DA7951 /* Model */,
				00B60B932BE005DB00DA7951 /* View */,
				00B60B942BE005E000DA7951 /* Presenter */,
			);
			path = Band;
			sourceTree = "<group>";
		};
		009D9A1E2BC733D300F17741 /* TabBar */ = {
			isa = PBXGroup;
			children = (
				009D9A1F2BC733FB00F17741 /* TabBarController.swift */,
			);
			path = TabBar;
			sourceTree = "<group>";
		};
		009D9A272BD3234500F17741 /* AuthorProfile */ = {
			isa = PBXGroup;
			children = (
				007A26A02BDD90730040C0F4 /* Model */,
				007A269F2BDD90670040C0F4 /* View */,
				00B60B8B2BDFCBCD00DA7951 /* Presenter */,
			);
			path = AuthorProfile;
			sourceTree = "<group>";
		};
		009D9A2E2BD4157500F17741 /* MyPodcasts */ = {
			isa = PBXGroup;
			children = (
				009D9A312BD4159600F17741 /* MyPodcastsViewController.swift */,
				009D9A4B2BD541D200F17741 /* MyPodcastViewController.swift */,
				009D9A502BD548E900F17741 /* MyAlbumViewController.swift */,
			);
			path = MyPodcasts;
			sourceTree = "<group>";
		};
		009D9A332BD4196B00F17741 /* Search */ = {
			isa = PBXGroup;
			children = (
				00B60BBA2BE0588A00DA7951 /* View */,
				00B60BBC2BE058BC00DA7951 /* Presenter */,
			);
			path = Search;
			sourceTree = "<group>";
		};
		009D9A362BD41E3E00F17741 /* Report */ = {
			isa = PBXGroup;
			children = (
				00B60B752BDF8B3400DA7951 /* Model */,
				00B60B732BDF8ACC00DA7951 /* View */,
				00B60B742BDF8B2700DA7951 /* Presenter */,
			);
			path = Report;
			sourceTree = "<group>";
		};
		009D9A4D2BD5427900F17741 /* Player */ = {
			isa = PBXGroup;
			children = (
				009D9A4E2BD5428800F17741 /* PlayerView.swift */,
				007A26A52BDD93210040C0F4 /* Player.swift */,
			);
			path = Player;
			sourceTree = "<group>";
		};
		00B60B6F2BDF850F00DA7951 /* View */ = {
			isa = PBXGroup;
			children = (
				009D9A252BD3210C00F17741 /* DescriptionViewController.swift */,
			);
			path = View;
			sourceTree = "<group>";
		};
		00B60B702BDF851600DA7951 /* Presenter */ = {
			isa = PBXGroup;
			children = (
				00B60B712BDF852500DA7951 /* DescriptionPresenter.swift */,
			);
			path = Presenter;
			sourceTree = "<group>";
		};
		00B60B732BDF8ACC00DA7951 /* View */ = {
			isa = PBXGroup;
			children = (
				009D9A372BD41E4B00F17741 /* ReportViewController.swift */,
				009D9A3B2BD42B2000F17741 /* SelectThemeViewController.swift */,
				009D9A3D2BD42BC900F17741 /* ThemeReportViewCell.swift */,
			);
			path = View;
			sourceTree = "<group>";
		};
		00B60B742BDF8B2700DA7951 /* Presenter */ = {
			isa = PBXGroup;
			children = (
				00B60B7A2BDF8CF600DA7951 /* ReportPresenter.swift */,
				00B60B7C2BDF8D0400DA7951 /* ReportRouter.swift */,
				00B60B812BDF8E8F00DA7951 /* SelectThemePresenter.swift */,
			);
			path = Presenter;
			sourceTree = "<group>";
		};
		00B60B752BDF8B3400DA7951 /* Model */ = {
			isa = PBXGroup;
			children = (
				00B60B7E2BDF8DAE00DA7951 /* Service */,
				00B60B762BDF8B3F00DA7951 /* Report.swift */,
				00B60B782BDF8CA600DA7951 /* ReportModel.swift */,
			);
			path = Model;
			sourceTree = "<group>";
		};
		00B60B7E2BDF8DAE00DA7951 /* Service */ = {
			isa = PBXGroup;
			children = (
				00B60B7F2BDF8DBC00DA7951 /* ReportService.swift */,
			);
			path = Service;
			sourceTree = "<group>";
		};
		00B60B832BDFAAEF00DA7951 /* View */ = {
			isa = PBXGroup;
			children = (
				009D9A472BD4327500F17741 /* AlbumViewCell.swift */,
				1D9A5F802BCDB48900BAC8E6 /* AlbumViewController.swift */,
				009D9A492BD53F1F00F17741 /* CreateEditAlbumViewController.swift */,
			);
			path = View;
			sourceTree = "<group>";
		};
		00B60B842BDFAAF400DA7951 /* Presenter */ = {
			isa = PBXGroup;
			children = (
				00B60B852BDFABC000DA7951 /* AlbumPresenter.swift */,
				00B60B872BDFABC900DA7951 /* AlbumRouter.swift */,
			);
			path = Presenter;
			sourceTree = "<group>";
		};
		00B60B8B2BDFCBCD00DA7951 /* Presenter */ = {
			isa = PBXGroup;
			children = (
				00B60B8D2BDFCDD800DA7951 /* AuthorRouter.swift */,
				00B60B8F2BDFCDE200DA7951 /* AuthorPresenter.swift */,
			);
			path = Presenter;
			sourceTree = "<group>";
		};
		00B60B932BE005DB00DA7951 /* View */ = {
			isa = PBXGroup;
			children = (
				009D9A1C2BC72EEF00F17741 /* BandViewController.swift */,
			);
			path = View;
			sourceTree = "<group>";
		};
		00B60B942BE005E000DA7951 /* Presenter */ = {
			isa = PBXGroup;
			children = (
				00B60B962BE0060900DA7951 /* BandPresenter.swift */,
				00B60BA32BE0503E00DA7951 /* BandRouter.swift */,
			);
			path = Presenter;
			sourceTree = "<group>";
		};
		00B60B952BE005E500DA7951 /* Model */ = {
			isa = PBXGroup;
			children = (
				00B60B9C2BE0071800DA7951 /* Service */,
				00B60B982BE0061900DA7951 /* BandType.swift */,
				00B60B9A2BE006C600DA7951 /* Band.swift */,
			);
			path = Model;
			sourceTree = "<group>";
		};
		00B60B9C2BE0071800DA7951 /* Service */ = {
			isa = PBXGroup;
			children = (
				00B60B9D2BE0072200DA7951 /* BandFactory.swift */,
				00B60B9F2BE0073100DA7951 /* BandService.swift */,
			);
			path = Service;
			sourceTree = "<group>";
		};
		00B60BAE2BE055D100DA7951 /* Analytic */ = {
			isa = PBXGroup;
			children = (
				00B60BAF2BE055DE00DA7951 /* Analytic.swift */,
			);
			path = Analytic;
			sourceTree = "<group>";
		};
		00B60BBA2BE0588A00DA7951 /* View */ = {
			isa = PBXGroup;
			children = (
				009D9A342BD4197B00F17741 /* SearchViewController.swift */,
			);
			path = View;
			sourceTree = "<group>";
		};
		00B60BBC2BE058BC00DA7951 /* Presenter */ = {
			isa = PBXGroup;
			children = (
				00B60BBD2BE0591F00DA7951 /* SearchPresenter.swift */,
				00B60BC02BE0593400DA7951 /* SearchRouter.swift */,
			);
			path = Presenter;
			sourceTree = "<group>";
		};
		1D9A5F7F2BCDB47800BAC8E6 /* Album */ = {
			isa = PBXGroup;
			children = (
				007A26BE2BDE57670040C0F4 /* Model */,
				00B60B832BDFAAEF00DA7951 /* View */,
				00B60B842BDFAAF400DA7951 /* Presenter */,
			);
			path = Album;
			sourceTree = "<group>";
		};
		1D9A5F842BCDB98F00BAC8E6 /* BaseViews */ = {
			isa = PBXGroup;
			children = (
				009D9A232BD316A100F17741 /* ValidatedTextField.swift */,
				009D9A282BD3242300F17741 /* BaseButtonView.swift */,
				009D9A392BD4226F00F17741 /* SelectButtonView.swift */,
			);
			path = BaseViews;
			sourceTree = "<group>";
		};
		1D9A5F892BCDC41900BAC8E6 /* Profile */ = {
			isa = PBXGroup;
			children = (
				009D9A452BD4313B00F17741 /* AlbumsViewController.swift */,
				1D9A5F8A2BCDC42E00BAC8E6 /* ProfileViewController.swift */,
				009D9A212BD3156500F17741 /* EditProfileViewController.swift */,
				009D9A3F2BD42F0800F17741 /* LikedPodcastsViewController.swift */,
				009D9A432BD430A000F17741 /* SubsViewController.swift */,
			);
			path = Profile;
			sourceTree = "<group>";
		};
/* End PBXGroup section */

/* Begin PBXNativeTarget section */
		007EC1B72BC5C97A00066A9E /* 9.1_TikTalk_mobile */ = {
			isa = PBXNativeTarget;
			buildConfigurationList = 007EC1CC2BC5C97B00066A9E /* Build configuration list for PBXNativeTarget "9.1_TikTalk_mobile" */;
			buildPhases = (
				007EC1B42BC5C97A00066A9E /* Sources */,
				007EC1B52BC5C97A00066A9E /* Frameworks */,
				007EC1B62BC5C97A00066A9E /* Resources */,
			);
			buildRules = (
			);
			dependencies = (
			);
			name = 9.1_TikTalk_mobile;
			packageProductDependencies = (
				007A26932BD5BEAA0040C0F4 /* LookinServer */,
				007A26A82BDD94380040C0F4 /* Kingfisher */,
				00B60BB22BE0561300DA7951 /* AppMetricaAdSupport */,
				00B60BB42BE0561300DA7951 /* AppMetricaCore */,
				00B60BB62BE0561300DA7951 /* AppMetricaCrashes */,
				00B60BB82BE0561300DA7951 /* AppMetricaWebKit */,
			);
			productName = 9.1_TikTalk_mobile;
			productReference = 007EC1B82BC5C97A00066A9E /* 9.1_TikTalk_mobile.app */;
			productType = "com.apple.product-type.application";
		};
/* End PBXNativeTarget section */

/* Begin PBXProject section */
		007EC1B02BC5C97A00066A9E /* Project object */ = {
			isa = PBXProject;
			attributes = {
				BuildIndependentTargetsInParallel = 1;
				LastSwiftUpdateCheck = 1520;
				LastUpgradeCheck = 1520;
				TargetAttributes = {
					007EC1B72BC5C97A00066A9E = {
						CreatedOnToolsVersion = 15.2;
					};
				};
			};
			buildConfigurationList = 007EC1B32BC5C97A00066A9E /* Build configuration list for PBXProject "9.1_TikTalk_mobile" */;
			compatibilityVersion = "Xcode 14.0";
			developmentRegion = en;
			hasScannedForEncodings = 0;
			knownRegions = (
				en,
				Base,
			);
			mainGroup = 007EC1AF2BC5C97A00066A9E;
			packageReferences = (
				007A26922BD5BEAA0040C0F4 /* XCRemoteSwiftPackageReference "LookinServer" */,
				007A26A72BDD94380040C0F4 /* XCRemoteSwiftPackageReference "Kingfisher" */,
				00B60BB12BE0561300DA7951 /* XCRemoteSwiftPackageReference "appmetrica-sdk-ios" */,
			);
			productRefGroup = 007EC1B92BC5C97A00066A9E /* Products */;
			projectDirPath = "";
			projectRoot = "";
			targets = (
				007EC1B72BC5C97A00066A9E /* 9.1_TikTalk_mobile */,
			);
		};
/* End PBXProject section */

/* Begin PBXResourcesBuildPhase section */
		007EC1B62BC5C97A00066A9E /* Resources */ = {
			isa = PBXResourcesBuildPhase;
			buildActionMask = 2147483647;
			files = (
				007EC1C82BC5C97B00066A9E /* LaunchScreen.storyboard in Resources */,
				007EC1C52BC5C97B00066A9E /* Assets.xcassets in Resources */,
			);
			runOnlyForDeploymentPostprocessing = 0;
		};
/* End PBXResourcesBuildPhase section */

/* Begin PBXSourcesBuildPhase section */
		007EC1B42BC5C97A00066A9E /* Sources */ = {
			isa = PBXSourcesBuildPhase;
			buildActionMask = 2147483647;
			files = (
				009D9A512BD548E900F17741 /* MyAlbumViewController.swift in Sources */,
				007A26C22BDE579F0040C0F4 /* AlbumModel.swift in Sources */,
				009D9A182BC65AB800F17741 /* PodcastView.swift in Sources */,
				1D9A5F832BCDB76E00BAC8E6 /* PodcastViewCell.swift in Sources */,
				009D9A322BD4159600F17741 /* MyPodcastsViewController.swift in Sources */,
				009D9A442BD430A000F17741 /* SubsViewController.swift in Sources */,
				00B60B9B2BE006C600DA7951 /* Band.swift in Sources */,
				00B60BA42BE0503E00DA7951 /* BandRouter.swift in Sources */,
				00B60B902BDFCDE200DA7951 /* AuthorPresenter.swift in Sources */,
				009D9A462BD4313B00F17741 /* AlbumsViewController.swift in Sources */,
				007A26AC2BDD96300040C0F4 /* PodcastModel.swift in Sources */,
				009D9A1A2BC65D2500F17741 /* PodcastViewController.swift in Sources */,
				009D9A1D2BC72EEF00F17741 /* BandViewController.swift in Sources */,
				00B60B722BDF852500DA7951 /* DescriptionPresenter.swift in Sources */,
				00B60BBE2BE0591F00DA7951 /* SearchPresenter.swift in Sources */,
				00B60BB02BE055DE00DA7951 /* Analytic.swift in Sources */,
				00B60B8E2BDFCDD800DA7951 /* AuthorRouter.swift in Sources */,
				1D9A5F812BCDB48900BAC8E6 /* AlbumViewController.swift in Sources */,
				00B60B992BE0061900DA7951 /* BandType.swift in Sources */,
				007A26AF2BDE465A0040C0F4 /* PodcastService.swift in Sources */,
				009D9A4C2BD541D200F17741 /* MyPodcastViewController.swift in Sources */,
				007A269B2BDD8F360040C0F4 /* PodcastPresenter.swift in Sources */,
				00B60B792BDF8CA600DA7951 /* ReportModel.swift in Sources */,
				00B60B7B2BDF8CF600DA7951 /* ReportPresenter.swift in Sources */,
				009D9A3E2BD42BC900F17741 /* ThemeReportViewCell.swift in Sources */,
				00B60B8A2BDFAFF600DA7951 /* PodcastCell.swift in Sources */,
				009D9A222BD3156500F17741 /* EditProfileViewController.swift in Sources */,
				007A26B22BDE46850040C0F4 /* AuthorService.swift in Sources */,
				007A26B42BDE46C90040C0F4 /* AuthorModel.swift in Sources */,
				009D9A3C2BD42B2000F17741 /* SelectThemeViewController.swift in Sources */,
				00B60B772BDF8B3F00DA7951 /* Report.swift in Sources */,
				009D9A382BD41E4B00F17741 /* ReportViewController.swift in Sources */,
				009D9A4A2BD53F1F00F17741 /* CreateEditAlbumViewController.swift in Sources */,
				007A26A62BDD93210040C0F4 /* Player.swift in Sources */,
				007A268C2BD5B4090040C0F4 /* CreateEditPodcastViewController.swift in Sources */,
				009D9A202BC733FB00F17741 /* TabBarController.swift in Sources */,
				00B60BC12BE0593400DA7951 /* SearchRouter.swift in Sources */,
				00B60B822BDF8E8F00DA7951 /* SelectThemePresenter.swift in Sources */,
				007A269E2BDD8F5F0040C0F4 /* Podcast.swift in Sources */,
				00B60B7D2BDF8D0500DA7951 /* ReportRouter.swift in Sources */,
				007A26C52BDE588C0040C0F4 /* AlbumService.swift in Sources */,
				00B60B972BE0060900DA7951 /* BandPresenter.swift in Sources */,
				007A26A22BDD907C0040C0F4 /* Author.swift in Sources */,
				007A26BA2BDE52C50040C0F4 /* PodcastDelegate.swift in Sources */,
				009D9A242BD316A100F17741 /* ValidatedTextField.swift in Sources */,
				009D9A292BD3242300F17741 /* BaseButtonView.swift in Sources */,
				007A26BD2BDE56E50040C0F4 /* Description.swift in Sources */,
				007A26B62BDE48A60040C0F4 /* UIViewController+Extension.swift in Sources */,
				00B60BA02BE0073100DA7951 /* BandService.swift in Sources */,
				009D9A402BD42F0800F17741 /* LikedPodcastsViewController.swift in Sources */,
				009D9A352BD4197B00F17741 /* SearchViewController.swift in Sources */,
				00B60B6E2BDEE7ED00DA7951 /* Mocks.swift in Sources */,
				009D9A422BD42FF300F17741 /* AuthorProfileViewCell.swift in Sources */,
				007A26B82BDE51940040C0F4 /* PodcastRouter.swift in Sources */,
				00B60B802BDF8DBC00DA7951 /* ReportService.swift in Sources */,
				007A268E2BD5B8CF0040C0F4 /* AudioViewController.swift in Sources */,
				00B60B882BDFABC900DA7951 /* AlbumRouter.swift in Sources */,
				1D9A5F8B2BCDC42E00BAC8E6 /* ProfileViewController.swift in Sources */,
				009D9A262BD3210C00F17741 /* DescriptionViewController.swift in Sources */,
				00B60B862BDFABC000DA7951 /* AlbumPresenter.swift in Sources */,
				009D9A2B2BD3260600F17741 /* AuthorProfileViewController.swift in Sources */,
				009D9A4F2BD5428800F17741 /* PlayerView.swift in Sources */,
				00B60B9E2BE0072200DA7951 /* BandFactory.swift in Sources */,
				007EC1BC2BC5C97A00066A9E /* AppDelegate.swift in Sources */,
				007EC1BE2BC5C97A00066A9E /* SceneDelegate.swift in Sources */,
				007A26912BD5B9160040C0F4 /* CutterView.swift in Sources */,
				009D9A3A2BD4226F00F17741 /* SelectButtonView.swift in Sources */,
				009D9A482BD4327500F17741 /* AlbumViewCell.swift in Sources */,
				00B60B922BDFE61F00DA7951 /* Album.swift in Sources */,
			);
			runOnlyForDeploymentPostprocessing = 0;
		};
/* End PBXSourcesBuildPhase section */

/* Begin PBXVariantGroup section */
		007EC1C62BC5C97B00066A9E /* LaunchScreen.storyboard */ = {
			isa = PBXVariantGroup;
			children = (
				007EC1C72BC5C97B00066A9E /* Base */,
			);
			name = LaunchScreen.storyboard;
			sourceTree = "<group>";
		};
/* End PBXVariantGroup section */

/* Begin XCBuildConfiguration section */
		007EC1CA2BC5C97B00066A9E /* Debug */ = {
			isa = XCBuildConfiguration;
			buildSettings = {
				ALWAYS_SEARCH_USER_PATHS = NO;
				ASSETCATALOG_COMPILER_GENERATE_SWIFT_ASSET_SYMBOL_EXTENSIONS = YES;
				CLANG_ANALYZER_NONNULL = YES;
				CLANG_ANALYZER_NUMBER_OBJECT_CONVERSION = YES_AGGRESSIVE;
				CLANG_CXX_LANGUAGE_STANDARD = "gnu++20";
				CLANG_ENABLE_MODULES = YES;
				CLANG_ENABLE_OBJC_ARC = YES;
				CLANG_ENABLE_OBJC_WEAK = YES;
				CLANG_WARN_BLOCK_CAPTURE_AUTORELEASING = YES;
				CLANG_WARN_BOOL_CONVERSION = YES;
				CLANG_WARN_COMMA = YES;
				CLANG_WARN_CONSTANT_CONVERSION = YES;
				CLANG_WARN_DEPRECATED_OBJC_IMPLEMENTATIONS = YES;
				CLANG_WARN_DIRECT_OBJC_ISA_USAGE = YES_ERROR;
				CLANG_WARN_DOCUMENTATION_COMMENTS = YES;
				CLANG_WARN_EMPTY_BODY = YES;
				CLANG_WARN_ENUM_CONVERSION = YES;
				CLANG_WARN_INFINITE_RECURSION = YES;
				CLANG_WARN_INT_CONVERSION = YES;
				CLANG_WARN_NON_LITERAL_NULL_CONVERSION = YES;
				CLANG_WARN_OBJC_IMPLICIT_RETAIN_SELF = YES;
				CLANG_WARN_OBJC_LITERAL_CONVERSION = YES;
				CLANG_WARN_OBJC_ROOT_CLASS = YES_ERROR;
				CLANG_WARN_QUOTED_INCLUDE_IN_FRAMEWORK_HEADER = YES;
				CLANG_WARN_RANGE_LOOP_ANALYSIS = YES;
				CLANG_WARN_STRICT_PROTOTYPES = YES;
				CLANG_WARN_SUSPICIOUS_MOVE = YES;
				CLANG_WARN_UNGUARDED_AVAILABILITY = YES_AGGRESSIVE;
				CLANG_WARN_UNREACHABLE_CODE = YES;
				CLANG_WARN__DUPLICATE_METHOD_MATCH = YES;
				COPY_PHASE_STRIP = NO;
				DEBUG_INFORMATION_FORMAT = dwarf;
				ENABLE_STRICT_OBJC_MSGSEND = YES;
				ENABLE_TESTABILITY = YES;
				ENABLE_USER_SCRIPT_SANDBOXING = YES;
				GCC_C_LANGUAGE_STANDARD = gnu17;
				GCC_DYNAMIC_NO_PIC = NO;
				GCC_NO_COMMON_BLOCKS = YES;
				GCC_OPTIMIZATION_LEVEL = 0;
				GCC_PREPROCESSOR_DEFINITIONS = (
					"DEBUG=1",
					"$(inherited)",
				);
				GCC_WARN_64_TO_32_BIT_CONVERSION = YES;
				GCC_WARN_ABOUT_RETURN_TYPE = YES_ERROR;
				GCC_WARN_UNDECLARED_SELECTOR = YES;
				GCC_WARN_UNINITIALIZED_AUTOS = YES_AGGRESSIVE;
				GCC_WARN_UNUSED_FUNCTION = YES;
				GCC_WARN_UNUSED_VARIABLE = YES;
				IPHONEOS_DEPLOYMENT_TARGET = 15.0;
				LOCALIZATION_PREFERS_STRING_CATALOGS = YES;
				MTL_ENABLE_DEBUG_INFO = INCLUDE_SOURCE;
				MTL_FAST_MATH = YES;
				ONLY_ACTIVE_ARCH = YES;
				SDKROOT = iphoneos;
				SWIFT_ACTIVE_COMPILATION_CONDITIONS = "DEBUG $(inherited)";
				SWIFT_OPTIMIZATION_LEVEL = "-Onone";
			};
			name = Debug;
		};
		007EC1CB2BC5C97B00066A9E /* Release */ = {
			isa = XCBuildConfiguration;
			buildSettings = {
				ALWAYS_SEARCH_USER_PATHS = NO;
				ASSETCATALOG_COMPILER_GENERATE_SWIFT_ASSET_SYMBOL_EXTENSIONS = YES;
				CLANG_ANALYZER_NONNULL = YES;
				CLANG_ANALYZER_NUMBER_OBJECT_CONVERSION = YES_AGGRESSIVE;
				CLANG_CXX_LANGUAGE_STANDARD = "gnu++20";
				CLANG_ENABLE_MODULES = YES;
				CLANG_ENABLE_OBJC_ARC = YES;
				CLANG_ENABLE_OBJC_WEAK = YES;
				CLANG_WARN_BLOCK_CAPTURE_AUTORELEASING = YES;
				CLANG_WARN_BOOL_CONVERSION = YES;
				CLANG_WARN_COMMA = YES;
				CLANG_WARN_CONSTANT_CONVERSION = YES;
				CLANG_WARN_DEPRECATED_OBJC_IMPLEMENTATIONS = YES;
				CLANG_WARN_DIRECT_OBJC_ISA_USAGE = YES_ERROR;
				CLANG_WARN_DOCUMENTATION_COMMENTS = YES;
				CLANG_WARN_EMPTY_BODY = YES;
				CLANG_WARN_ENUM_CONVERSION = YES;
				CLANG_WARN_INFINITE_RECURSION = YES;
				CLANG_WARN_INT_CONVERSION = YES;
				CLANG_WARN_NON_LITERAL_NULL_CONVERSION = YES;
				CLANG_WARN_OBJC_IMPLICIT_RETAIN_SELF = YES;
				CLANG_WARN_OBJC_LITERAL_CONVERSION = YES;
				CLANG_WARN_OBJC_ROOT_CLASS = YES_ERROR;
				CLANG_WARN_QUOTED_INCLUDE_IN_FRAMEWORK_HEADER = YES;
				CLANG_WARN_RANGE_LOOP_ANALYSIS = YES;
				CLANG_WARN_STRICT_PROTOTYPES = YES;
				CLANG_WARN_SUSPICIOUS_MOVE = YES;
				CLANG_WARN_UNGUARDED_AVAILABILITY = YES_AGGRESSIVE;
				CLANG_WARN_UNREACHABLE_CODE = YES;
				CLANG_WARN__DUPLICATE_METHOD_MATCH = YES;
				COPY_PHASE_STRIP = NO;
				DEBUG_INFORMATION_FORMAT = "dwarf-with-dsym";
				ENABLE_NS_ASSERTIONS = NO;
				ENABLE_STRICT_OBJC_MSGSEND = YES;
				ENABLE_USER_SCRIPT_SANDBOXING = YES;
				GCC_C_LANGUAGE_STANDARD = gnu17;
				GCC_NO_COMMON_BLOCKS = YES;
				GCC_WARN_64_TO_32_BIT_CONVERSION = YES;
				GCC_WARN_ABOUT_RETURN_TYPE = YES_ERROR;
				GCC_WARN_UNDECLARED_SELECTOR = YES;
				GCC_WARN_UNINITIALIZED_AUTOS = YES_AGGRESSIVE;
				GCC_WARN_UNUSED_FUNCTION = YES;
				GCC_WARN_UNUSED_VARIABLE = YES;
				IPHONEOS_DEPLOYMENT_TARGET = 15.0;
				LOCALIZATION_PREFERS_STRING_CATALOGS = YES;
				MTL_ENABLE_DEBUG_INFO = NO;
				MTL_FAST_MATH = YES;
				SDKROOT = iphoneos;
				SWIFT_COMPILATION_MODE = wholemodule;
				VALIDATE_PRODUCT = YES;
			};
			name = Release;
		};
		007EC1CD2BC5C97B00066A9E /* Debug */ = {
			isa = XCBuildConfiguration;
			buildSettings = {
				ASSETCATALOG_COMPILER_APPICON_NAME = AppIcon;
				ASSETCATALOG_COMPILER_GLOBAL_ACCENT_COLOR_NAME = AccentColor;
				CODE_SIGN_STYLE = Automatic;
				CURRENT_PROJECT_VERSION = 1;
				DEVELOPMENT_TEAM = KPDY9N2JR6;
				GENERATE_INFOPLIST_FILE = YES;
				INFOPLIST_FILE = 9.1_TikTalk_mobile/Info.plist;
				INFOPLIST_KEY_UIApplicationSupportsIndirectInputEvents = YES;
				INFOPLIST_KEY_UILaunchStoryboardName = LaunchScreen;
				INFOPLIST_KEY_UIStatusBarHidden = NO;
				INFOPLIST_KEY_UIStatusBarStyle = UIStatusBarStyleDarkContent;
				INFOPLIST_KEY_UISupportedInterfaceOrientations = UIInterfaceOrientationPortrait;
				IPHONEOS_DEPLOYMENT_TARGET = 15.0;
				LD_RUNPATH_SEARCH_PATHS = (
					"$(inherited)",
					"@executable_path/Frameworks",
				);
				MARKETING_VERSION = 1.0;
				PRODUCT_BUNDLE_IDENTIFIER = "com.tiktalk.--1-TikTalk-mobile";
				PRODUCT_NAME = "$(TARGET_NAME)";
				SUPPORTED_PLATFORMS = "iphoneos iphonesimulator";
				SUPPORTS_MACCATALYST = NO;
				SUPPORTS_MAC_DESIGNED_FOR_IPHONE_IPAD = NO;
				SUPPORTS_XR_DESIGNED_FOR_IPHONE_IPAD = NO;
				SWIFT_EMIT_LOC_STRINGS = YES;
				SWIFT_VERSION = 5.0;
				TARGETED_DEVICE_FAMILY = 1;
			};
			name = Debug;
		};
		007EC1CE2BC5C97B00066A9E /* Release */ = {
			isa = XCBuildConfiguration;
			buildSettings = {
				ASSETCATALOG_COMPILER_APPICON_NAME = AppIcon;
				ASSETCATALOG_COMPILER_GLOBAL_ACCENT_COLOR_NAME = AccentColor;
				CODE_SIGN_STYLE = Automatic;
				CURRENT_PROJECT_VERSION = 1;
				DEVELOPMENT_TEAM = KPDY9N2JR6;
				GENERATE_INFOPLIST_FILE = YES;
				INFOPLIST_FILE = 9.1_TikTalk_mobile/Info.plist;
				INFOPLIST_KEY_UIApplicationSupportsIndirectInputEvents = YES;
				INFOPLIST_KEY_UILaunchStoryboardName = LaunchScreen;
				INFOPLIST_KEY_UIStatusBarHidden = NO;
				INFOPLIST_KEY_UIStatusBarStyle = UIStatusBarStyleDarkContent;
				INFOPLIST_KEY_UISupportedInterfaceOrientations = UIInterfaceOrientationPortrait;
				IPHONEOS_DEPLOYMENT_TARGET = 15.0;
				LD_RUNPATH_SEARCH_PATHS = (
					"$(inherited)",
					"@executable_path/Frameworks",
				);
				MARKETING_VERSION = 1.0;
				PRODUCT_BUNDLE_IDENTIFIER = "com.tiktalk.--1-TikTalk-mobile";
				PRODUCT_NAME = "$(TARGET_NAME)";
				SUPPORTED_PLATFORMS = "iphoneos iphonesimulator";
				SUPPORTS_MACCATALYST = NO;
				SUPPORTS_MAC_DESIGNED_FOR_IPHONE_IPAD = NO;
				SUPPORTS_XR_DESIGNED_FOR_IPHONE_IPAD = NO;
				SWIFT_EMIT_LOC_STRINGS = YES;
				SWIFT_VERSION = 5.0;
				TARGETED_DEVICE_FAMILY = 1;
			};
			name = Release;
		};
/* End XCBuildConfiguration section */

/* Begin XCConfigurationList section */
		007EC1B32BC5C97A00066A9E /* Build configuration list for PBXProject "9.1_TikTalk_mobile" */ = {
			isa = XCConfigurationList;
			buildConfigurations = (
				007EC1CA2BC5C97B00066A9E /* Debug */,
				007EC1CB2BC5C97B00066A9E /* Release */,
			);
			defaultConfigurationIsVisible = 0;
			defaultConfigurationName = Release;
		};
		007EC1CC2BC5C97B00066A9E /* Build configuration list for PBXNativeTarget "9.1_TikTalk_mobile" */ = {
			isa = XCConfigurationList;
			buildConfigurations = (
				007EC1CD2BC5C97B00066A9E /* Debug */,
				007EC1CE2BC5C97B00066A9E /* Release */,
			);
			defaultConfigurationIsVisible = 0;
			defaultConfigurationName = Release;
		};
/* End XCConfigurationList section */

/* Begin XCRemoteSwiftPackageReference section */
		007A26922BD5BEAA0040C0F4 /* XCRemoteSwiftPackageReference "LookinServer" */ = {
			isa = XCRemoteSwiftPackageReference;
			repositoryURL = "https://github.com/QMUI/LookinServer/";
			requirement = {
				kind = upToNextMajorVersion;
				minimumVersion = 1.2.8;
			};
		};
		007A26A72BDD94380040C0F4 /* XCRemoteSwiftPackageReference "Kingfisher" */ = {
			isa = XCRemoteSwiftPackageReference;
			repositoryURL = "https://github.com/onevcat/Kingfisher";
			requirement = {
				kind = upToNextMajorVersion;
				minimumVersion = 7.11.0;
			};
		};
		00B60BB12BE0561300DA7951 /* XCRemoteSwiftPackageReference "appmetrica-sdk-ios" */ = {
			isa = XCRemoteSwiftPackageReference;
			repositoryURL = "https://github.com/appmetrica/appmetrica-sdk-ios";
			requirement = {
				kind = upToNextMajorVersion;
				minimumVersion = 5.3.1;
			};
		};
/* End XCRemoteSwiftPackageReference section */

/* Begin XCSwiftPackageProductDependency section */
		007A26932BD5BEAA0040C0F4 /* LookinServer */ = {
			isa = XCSwiftPackageProductDependency;
			package = 007A26922BD5BEAA0040C0F4 /* XCRemoteSwiftPackageReference "LookinServer" */;
			productName = LookinServer;
		};
		007A26A82BDD94380040C0F4 /* Kingfisher */ = {
			isa = XCSwiftPackageProductDependency;
			package = 007A26A72BDD94380040C0F4 /* XCRemoteSwiftPackageReference "Kingfisher" */;
			productName = Kingfisher;
		};
		00B60BB22BE0561300DA7951 /* AppMetricaAdSupport */ = {
			isa = XCSwiftPackageProductDependency;
			package = 00B60BB12BE0561300DA7951 /* XCRemoteSwiftPackageReference "appmetrica-sdk-ios" */;
			productName = AppMetricaAdSupport;
		};
		00B60BB42BE0561300DA7951 /* AppMetricaCore */ = {
			isa = XCSwiftPackageProductDependency;
			package = 00B60BB12BE0561300DA7951 /* XCRemoteSwiftPackageReference "appmetrica-sdk-ios" */;
			productName = AppMetricaCore;
		};
		00B60BB62BE0561300DA7951 /* AppMetricaCrashes */ = {
			isa = XCSwiftPackageProductDependency;
			package = 00B60BB12BE0561300DA7951 /* XCRemoteSwiftPackageReference "appmetrica-sdk-ios" */;
			productName = AppMetricaCrashes;
		};
		00B60BB82BE0561300DA7951 /* AppMetricaWebKit */ = {
			isa = XCSwiftPackageProductDependency;
			package = 00B60BB12BE0561300DA7951 /* XCRemoteSwiftPackageReference "appmetrica-sdk-ios" */;
			productName = AppMetricaWebKit;
		};
/* End XCSwiftPackageProductDependency section */
	};
	rootObject = 007EC1B02BC5C97A00066A9E /* Project object */;
}
