{
  "pins" : [
    {
      "identity" : "appmetrica-sdk-ios",
      "kind" : "remoteSourceControl",
      "location" : "https://github.com/appmetrica/appmetrica-sdk-ios",
      "state" : {
        "revision" : "5fbc01777265f5bffabb7d7fbc318db3b561a5a6",
        "version" : "5.3.1"
      }
    },
    {
      "identity" : "kingfisher",
      "kind" : "remoteSourceControl",
      "location" : "https://github.com/onevcat/Kingfisher",
      "state" : {
        "revision" : "5b92f029fab2cce44386d28588098b5be0824ef5",
        "version" : "7.11.0"
      }
    },
    {
      "identity" : "kscrash",
      "kind" : "remoteSourceControl",
      "location" : "https://github.com/kstenerud/KSCrash",
      "state" : {
        "revision" : "8e29ada12998c47b1ca595bb21d47a27f4e57b22",
        "version" : "1.17.0"
      }
    },
    {
      "identity" : "lookinserver",
      "kind" : "remoteSourceControl",
      "location" : "https://github.com/QMUI/LookinServer/",
      "state" : {
        "revision" : "e553d1b689d147817dc54ad5c28fcff71e860101",
        "version" : "1.2.8"
      }
    },
    {
      "identity" : "rangeuislider",
      "kind" : "remoteSourceControl",
      "location" : "https://github.com/chicio/RangeUISlider.git",
      "state" : {
        "revision" : "b1e8242eb7ab07051721a2d7b937cd75ca129ebf",
        "version" : "4.0.1"
      }
    }
  ],
  "version" : 2
}
